
Microsoft Visual Studio Solution File, Format Version 12.00
# Visual Studio Version 17
VisualStudioVersion = 17.0.31903.59
MinimumVisualStudioVersion = 10.0.40219.1
Project("{2150E333-8FDC-42A3-9474-1A3956D46DE8}") = "server", "server", "{DAD03CFC-D5FA-AC94-41C7-9ABAB326F09E}"
EndProject
Project("{FAE04EC0-301F-11D3-BF4B-00C04F79EFBC}") = "LanChat.Server", "server\LanChat.Server.csproj", "{9798B43F-A19E-4C75-AA33-C11D68401EED}"
EndProject
Project("{FAE04EC0-301F-11D3-BF4B-00C04F79EFBC}") = "LanChat.Client", "client\LanChat.Client.csproj", "{3CD24349-891F-41DD-B720-9478BDD832BF}"
EndProject
Project("{FAE04EC0-301F-11D3-BF4B-00C04F79EFBC}") = "LanChat.Shared", "shared\LanChat.Shared.csproj", "{41193E73-382E-4299-92A4-5DE6DC86A89F}"
EndProject
Project("{FAE04EC0-301F-11D3-BF4B-00C04F79EFBC}") = "LanChat.Messaging", "messaging\LanChat.Messaging.csproj", "{9328DEB6-CB40-4DB5-84BA-BB6A1C5B0F85}"
EndProject
Project("{FAE04EC0-301F-11D3-BF4B-00C04F79EFBC}") = "SimpleTcp", "simple-tcp\SimpleTcp.csproj", "{0EFFED8D-B971-4F7B-8D50-C316573575D2}"
EndProject
Global
	GlobalSection(SolutionConfigurationPlatforms) = preSolution
		Debug|Any CPU = Debug|Any CPU
		Debug|x64 = Debug|x64
		Debug|x86 = Debug|x86
		Release|Any CPU = Release|Any CPU
		Release|x64 = Release|x64
		Release|x86 = Release|x86
	EndGlobalSection
	GlobalSection(ProjectConfigurationPlatforms) = postSolution
		{9798B43F-A19E-4C75-AA33-C11D68401EED}.Debug|Any CPU.ActiveCfg = Debug|Any CPU
		{9798B43F-A19E-4C75-AA33-C11D68401EED}.Debug|Any CPU.Build.0 = Debug|Any CPU
		{9798B43F-A19E-4C75-AA33-C11D68401EED}.Debug|x64.ActiveCfg = Debug|Any CPU
		{9798B43F-A19E-4C75-AA33-C11D68401EED}.Debug|x64.Build.0 = Debug|Any CPU
		{9798B43F-A19E-4C75-AA33-C11D68401EED}.Debug|x86.ActiveCfg = Debug|Any CPU
		{9798B43F-A19E-4C75-AA33-C11D68401EED}.Debug|x86.Build.0 = Debug|Any CPU
		{9798B43F-A19E-4C75-AA33-C11D68401EED}.Release|Any CPU.ActiveCfg = Release|Any CPU
		{9798B43F-A19E-4C75-AA33-C11D68401EED}.Release|Any CPU.Build.0 = Release|Any CPU
		{9798B43F-A19E-4C75-AA33-C11D68401EED}.Release|x64.ActiveCfg = Release|Any CPU
		{9798B43F-A19E-4C75-AA33-C11D68401EED}.Release|x64.Build.0 = Release|Any CPU
		{9798B43F-A19E-4C75-AA33-C11D68401EED}.Release|x86.ActiveCfg = Release|Any CPU
		{9798B43F-A19E-4C75-AA33-C11D68401EED}.Release|x86.Build.0 = Release|Any CPU
		{3CD24349-891F-41DD-B720-9478BDD832BF}.Debug|Any CPU.ActiveCfg = Debug|Any CPU
		{3CD24349-891F-41DD-B720-9478BDD832BF}.Debug|Any CPU.Build.0 = Debug|Any CPU
		{3CD24349-891F-41DD-B720-9478BDD832BF}.Debug|x64.ActiveCfg = Debug|Any CPU
		{3CD24349-891F-41DD-B720-9478BDD832BF}.Debug|x64.Build.0 = Debug|Any CPU
		{3CD24349-891F-41DD-B720-9478BDD832BF}.Debug|x86.ActiveCfg = Debug|Any CPU
		{3CD24349-891F-41DD-B720-9478BDD832BF}.Debug|x86.Build.0 = Debug|Any CPU
		{3CD24349-891F-41DD-B720-9478BDD832BF}.Release|Any CPU.ActiveCfg = Release|Any CPU
		{3CD24349-891F-41DD-B720-9478BDD832BF}.Release|Any CPU.Build.0 = Release|Any CPU
		{3CD24349-891F-41DD-B720-9478BDD832BF}.Release|x64.ActiveCfg = Release|Any CPU
		{3CD24349-891F-41DD-B720-9478BDD832BF}.Release|x64.Build.0 = Release|Any CPU
		{3CD24349-891F-41DD-B720-9478BDD832BF}.Release|x86.ActiveCfg = Release|Any CPU
		{3CD24349-891F-41DD-B720-9478BDD832BF}.Release|x86.Build.0 = Release|Any CPU
		{41193E73-382E-4299-92A4-5DE6DC86A89F}.Debug|Any CPU.ActiveCfg = Debug|Any CPU
		{41193E73-382E-4299-92A4-5DE6DC86A89F}.Debug|Any CPU.Build.0 = Debug|Any CPU
		{41193E73-382E-4299-92A4-5DE6DC86A89F}.Debug|x64.ActiveCfg = Debug|Any CPU
		{41193E73-382E-4299-92A4-5DE6DC86A89F}.Debug|x64.Build.0 = Debug|Any CPU
		{41193E73-382E-4299-92A4-5DE6DC86A89F}.Debug|x86.ActiveCfg = Debug|Any CPU
		{41193E73-382E-4299-92A4-5DE6DC86A89F}.Debug|x86.Build.0 = Debug|Any CPU
		{41193E73-382E-4299-92A4-5DE6DC86A89F}.Release|Any CPU.ActiveCfg = Release|Any CPU
		{41193E73-382E-4299-92A4-5DE6DC86A89F}.Release|Any CPU.Build.0 = Release|Any CPU
		{41193E73-382E-4299-92A4-5DE6DC86A89F}.Release|x64.ActiveCfg = Release|Any CPU
		{41193E73-382E-4299-92A4-5DE6DC86A89F}.Release|x64.Build.0 = Release|Any CPU
		{41193E73-382E-4299-92A4-5DE6DC86A89F}.Release|x86.ActiveCfg = Release|Any CPU
		{41193E73-382E-4299-92A4-5DE6DC86A89F}.Release|x86.Build.0 = Release|Any CPU
		{9328DEB6-CB40-4DB5-84BA-BB6A1C5B0F85}.Debug|Any CPU.ActiveCfg = Debug|Any CPU
		{9328DEB6-CB40-4DB5-84BA-BB6A1C5B0F85}.Debug|Any CPU.Build.0 = Debug|Any CPU
		{9328DEB6-CB40-4DB5-84BA-BB6A1C5B0F85}.Debug|x64.ActiveCfg = Debug|Any CPU
		{9328DEB6-CB40-4DB5-84BA-BB6A1C5B0F85}.Debug|x64.Build.0 = Debug|Any CPU
		{9328DEB6-CB40-4DB5-84BA-BB6A1C5B0F85}.Debug|x86.ActiveCfg = Debug|Any CPU
		{9328DEB6-CB40-4DB5-84BA-BB6A1C5B0F85}.Debug|x86.Build.0 = Debug|Any CPU
		{9328DEB6-CB40-4DB5-84BA-BB6A1C5B0F85}.Release|Any CPU.ActiveCfg = Release|Any CPU
		{9328DEB6-CB40-4DB5-84BA-BB6A1C5B0F85}.Release|Any CPU.Build.0 = Release|Any CPU
		{9328DEB6-CB40-4DB5-84BA-BB6A1C5B0F85}.Release|x64.ActiveCfg = Release|Any CPU
		{9328DEB6-CB40-4DB5-84BA-BB6A1C5B0F85}.Release|x64.Build.0 = Release|Any CPU
		{9328DEB6-CB40-4DB5-84BA-BB6A1C5B0F85}.Release|x86.ActiveCfg = Release|Any CPU
		{9328DEB6-CB40-4DB5-84BA-BB6A1C5B0F85}.Release|x86.Build.0 = Release|Any CPU
		{0EFFED8D-B971-4F7B-8D50-C316573575D2}.Debug|Any CPU.ActiveCfg = Debug|Any CPU
		{0EFFED8D-B971-4F7B-8D50-C316573575D2}.Debug|Any CPU.Build.0 = Debug|Any CPU
		{0EFFED8D-B971-4F7B-8D50-C316573575D2}.Debug|x64.ActiveCfg = Debug|Any CPU
		{0EFFED8D-B971-4F7B-8D50-C316573575D2}.Debug|x64.Build.0 = Debug|Any CPU
		{0EFFED8D-B971-4F7B-8D50-C316573575D2}.Debug|x86.ActiveCfg = Debug|Any CPU
		{0EFFED8D-B971-4F7B-8D50-C316573575D2}.Debug|x86.Build.0 = Debug|Any CPU
		{0EFFED8D-B971-4F7B-8D50-C316573575D2}.Release|Any CPU.ActiveCfg = Release|Any CPU
		{0EFFED8D-B971-4F7B-8D50-C316573575D2}.Release|Any CPU.Build.0 = Release|Any CPU
		{0EFFED8D-B971-4F7B-8D50-C316573575D2}.Release|x64.ActiveCfg = Release|Any CPU
		{0EFFED8D-B971-4F7B-8D50-C316573575D2}.Release|x64.Build.0 = Release|Any CPU
		{0EFFED8D-B971-4F7B-8D50-C316573575D2}.Release|x86.ActiveCfg = Release|Any CPU
		{0EFFED8D-B971-4F7B-8D50-C316573575D2}.Release|x86.Build.0 = Release|Any CPU
	EndGlobalSection
	GlobalSection(SolutionProperties) = preSolution
		HideSolutionNode = FALSE
	EndGlobalSection
	GlobalSection(NestedProjects) = preSolution
		{9798B43F-A19E-4C75-AA33-C11D68401EED} = {DAD03CFC-D5FA-AC94-41C7-9ABAB326F09E}
		{3CD24349-891F-41DD-B720-9478BDD832BF} = {DAD03CFC-D5FA-AC94-41C7-9ABAB326F09E}
		{41193E73-382E-4299-92A4-5DE6DC86A89F} = {DAD03CFC-D5FA-AC94-41C7-9ABAB326F09E}
		{9328DEB6-CB40-4DB5-84BA-BB6A1C5B0F85} = {DAD03CFC-D5FA-AC94-41C7-9ABAB326F09E}
		{0EFFED8D-B971-4F7B-8D50-C316573575D2} = {DAD03CFC-D5FA-AC94-41C7-9ABAB326F09E}
	EndGlobalSection
EndGlobal
